// !$*UTF8*$!
{
	archiveVersion = 1;
	classes = {
	};
	objectVersion = 55;
	objects = {

/* Begin PBXBuildFile section */
		7708743B27B189140060BBAC /* MovieDetailsViewController.swift in Sources */ = {isa = PBXBuildFile; fileRef = 7708743A27B189140060BBAC /* MovieDetailsViewController.swift */; };
		7708743D27B19EC50060BBAC /* MovieGridViewController.swift in Sources */ = {isa = PBXBuildFile; fileRef = 7708743C27B19EC50060BBAC /* MovieGridViewController.swift */; };
		7708743F27B1AC960060BBAC /* MovieGridCell.swift in Sources */ = {isa = PBXBuildFile; fileRef = 7708743E27B1AC960060BBAC /* MovieGridCell.swift */; };
		77149EEB279F2CBB0097786C /* AppDelegate.swift in Sources */ = {isa = PBXBuildFile; fileRef = 77149EEA279F2CBB0097786C /* AppDelegate.swift */; };
		77149EED279F2CBB0097786C /* SceneDelegate.swift in Sources */ = {isa = PBXBuildFile; fileRef = 77149EEC279F2CBB0097786C /* SceneDelegate.swift */; };
		77149EEF279F2CBB0097786C /* ViewController.swift in Sources */ = {isa = PBXBuildFile; fileRef = 77149EEE279F2CBB0097786C /* ViewController.swift */; };
		77149EF2279F2CBB0097786C /* Main.storyboard in Resources */ = {isa = PBXBuildFile; fileRef = 77149EF0279F2CBB0097786C /* Main.storyboard */; };
		77149EF4279F2CBC0097786C /* Assets.xcassets in Resources */ = {isa = PBXBuildFile; fileRef = 77149EF3279F2CBC0097786C /* Assets.xcassets */; };
		77149EF7279F2CBC0097786C /* LaunchScreen.storyboard in Resources */ = {isa = PBXBuildFile; fileRef = 77149EF5279F2CBC0097786C /* LaunchScreen.storyboard */; };
		77149F02279F2CBD0097786C /* FlixTests.swift in Sources */ = {isa = PBXBuildFile; fileRef = 77149F01279F2CBD0097786C /* FlixTests.swift */; };
		77149F0C279F2CBD0097786C /* FlixUITests.swift in Sources */ = {isa = PBXBuildFile; fileRef = 77149F0B279F2CBD0097786C /* FlixUITests.swift */; };
		77149F0E279F2CBD0097786C /* FlixUITestsLaunchTests.swift in Sources */ = {isa = PBXBuildFile; fileRef = 77149F0D279F2CBD0097786C /* FlixUITestsLaunchTests.swift */; };
		771D548B27A84FF40028E416 /* MovieCell.swift in Sources */ = {isa = PBXBuildFile; fileRef = 771D548A27A84FF40028E416 /* MovieCell.swift */; };
		771D548E27A85FD90028E416 /* AlamofireImage in Frameworks */ = {isa = PBXBuildFile; productRef = 771D548D27A85FD90028E416 /* AlamofireImage */; };
/* End PBXBuildFile section */

/* Begin PBXContainerItemProxy section */
		77149EFE279F2CBD0097786C /* PBXContainerItemProxy */ = {
			isa = PBXContainerItemProxy;
			containerPortal = 77149EDF279F2CBB0097786C /* Project object */;
			proxyType = 1;
			remoteGlobalIDString = 77149EE6279F2CBB0097786C;
			remoteInfo = Flix;
		};
		77149F08279F2CBD0097786C /* PBXContainerItemProxy */ = {
			isa = PBXContainerItemProxy;
			containerPortal = 77149EDF279F2CBB0097786C /* Project object */;
			proxyType = 1;
			remoteGlobalIDString = 77149EE6279F2CBB0097786C;
			remoteInfo = Flix;
		};
/* End PBXContainerItemProxy section */

/* Begin PBXFileReference section */
		7708743A27B189140060BBAC /* MovieDetailsViewController.swift */ = {isa = PBXFileReference; lastKnownFileType = sourcecode.swift; path = MovieDetailsViewController.swift; sourceTree = "<group>"; };
		7708743C27B19EC50060BBAC /* MovieGridViewController.swift */ = {isa = PBXFileReference; lastKnownFileType = sourcecode.swift; path = MovieGridViewController.swift; sourceTree = "<group>"; };
		7708743E27B1AC960060BBAC /* MovieGridCell.swift */ = {isa = PBXFileReference; lastKnownFileType = sourcecode.swift; path = MovieGridCell.swift; sourceTree = "<group>"; };
		77149EE7279F2CBB0097786C /* Flix.app */ = {isa = PBXFileReference; explicitFileType = wrapper.application; includeInIndex = 0; path = Flix.app; sourceTree = BUILT_PRODUCTS_DIR; };
		77149EEA279F2CBB0097786C /* AppDelegate.swift */ = {isa = PBXFileReference; lastKnownFileType = sourcecode.swift; path = AppDelegate.swift; sourceTree = "<group>"; };
		77149EEC279F2CBB0097786C /* SceneDelegate.swift */ = {isa = PBXFileReference; lastKnownFileType = sourcecode.swift; path = SceneDelegate.swift; sourceTree = "<group>"; };
		77149EEE279F2CBB0097786C /* ViewController.swift */ = {isa = PBXFileReference; lastKnownFileType = sourcecode.swift; path = ViewController.swift; sourceTree = "<group>"; };
		77149EF1279F2CBB0097786C /* Base */ = {isa = PBXFileReference; lastKnownFileType = file.storyboard; name = Base; path = Base.lproj/Main.storyboard; sourceTree = "<group>"; };
		77149EF3279F2CBC0097786C /* Assets.xcassets */ = {isa = PBXFileReference; lastKnownFileType = folder.assetcatalog; path = Assets.xcassets; sourceTree = "<group>"; };
		77149EF6279F2CBC0097786C /* Base */ = {isa = PBXFileReference; lastKnownFileType = file.storyboard; name = Base; path = Base.lproj/LaunchScreen.storyboard; sourceTree = "<group>"; };
		77149EF8279F2CBC0097786C /* Info.plist */ = {isa = PBXFileReference; lastKnownFileType = text.plist.xml; path = Info.plist; sourceTree = "<group>"; };
		77149EFD279F2CBD0097786C /* FlixTests.xctest */ = {isa = PBXFileReference; explicitFileType = wrapper.cfbundle; includeInIndex = 0; path = FlixTests.xctest; sourceTree = BUILT_PRODUCTS_DIR; };
		77149F01279F2CBD0097786C /* FlixTests.swift */ = {isa = PBXFileReference; lastKnownFileType = sourcecode.swift; path = FlixTests.swift; sourceTree = "<group>"; };
		77149F07279F2CBD0097786C /* FlixUITests.xctest */ = {isa = PBXFileReference; explicitFileType = wrapper.cfbundle; includeInIndex = 0; path = FlixUITests.xctest; sourceTree = BUILT_PRODUCTS_DIR; };
		77149F0B279F2CBD0097786C /* FlixUITests.swift */ = {isa = PBXFileReference; lastKnownFileType = sourcecode.swift; path = FlixUITests.swift; sourceTree = "<group>"; };
		77149F0D279F2CBD0097786C /* FlixUITestsLaunchTests.swift */ = {isa = PBXFileReference; lastKnownFileType = sourcecode.swift; path = FlixUITestsLaunchTests.swift; sourceTree = "<group>"; };
		771D548A27A84FF40028E416 /* MovieCell.swift */ = {isa = PBXFileReference; lastKnownFileType = sourcecode.swift; path = MovieCell.swift; sourceTree = "<group>"; };
/* End PBXFileReference section */

/* Begin PBXFrameworksBuildPhase section */
		77149EE4279F2CBB0097786C /* Frameworks */ = {
			isa = PBXFrameworksBuildPhase;
			buildActionMask = 2147483647;
			files = (
				771D548E27A85FD90028E416 /* AlamofireImage in Frameworks */,
			);
			runOnlyForDeploymentPostprocessing = 0;
		};
		77149EFA279F2CBD0097786C /* Frameworks */ = {
			isa = PBXFrameworksBuildPhase;
			buildActionMask = 2147483647;
			files = (
			);
			runOnlyForDeploymentPostprocessing = 0;
		};
		77149F04279F2CBD0097786C /* Frameworks */ = {
			isa = PBXFrameworksBuildPhase;
			buildActionMask = 2147483647;
			files = (
			);
			runOnlyForDeploymentPostprocessing = 0;
		};
/* End PBXFrameworksBuildPhase section */

/* Begin PBXGroup section */
		77149EDE279F2CBB0097786C = {
			isa = PBXGroup;
			children = (
				77149EE9279F2CBB0097786C /* Flix */,
				77149F00279F2CBD0097786C /* FlixTests */,
				77149F0A279F2CBD0097786C /* FlixUITests */,
				77149EE8279F2CBB0097786C /* Products */,
			);
			sourceTree = "<group>";
		};
		77149EE8279F2CBB0097786C /* Products */ = {
			isa = PBXGroup;
			children = (
				77149EE7279F2CBB0097786C /* Flix.app */,
				77149EFD279F2CBD0097786C /* FlixTests.xctest */,
				77149F07279F2CBD0097786C /* FlixUITests.xctest */,
			);
			name = Products;
			sourceTree = "<group>";
		};
		77149EE9279F2CBB0097786C /* Flix */ = {
			isa = PBXGroup;
			children = (
				77149EEA279F2CBB0097786C /* AppDelegate.swift */,
				77149EEC279F2CBB0097786C /* SceneDelegate.swift */,
				77149EEE279F2CBB0097786C /* ViewController.swift */,
				77149EF0279F2CBB0097786C /* Main.storyboard */,
				7708743C27B19EC50060BBAC /* MovieGridViewController.swift */,
				771D548A27A84FF40028E416 /* MovieCell.swift */,
				77149EF3279F2CBC0097786C /* Assets.xcassets */,
				77149EF5279F2CBC0097786C /* LaunchScreen.storyboard */,
				77149EF8279F2CBC0097786C /* Info.plist */,
				7708743A27B189140060BBAC /* MovieDetailsViewController.swift */,
				7708743E27B1AC960060BBAC /* MovieGridCell.swift */,
			);
			path = Flix;
			sourceTree = "<group>";
		};
		77149F00279F2CBD0097786C /* FlixTests */ = {
			isa = PBXGroup;
			children = (
				77149F01279F2CBD0097786C /* FlixTests.swift */,
			);
			path = FlixTests;
			sourceTree = "<group>";
		};
		77149F0A279F2CBD0097786C /* FlixUITests */ = {
			isa = PBXGroup;
			children = (
				77149F0B279F2CBD0097786C /* FlixUITests.swift */,
				77149F0D279F2CBD0097786C /* FlixUITestsLaunchTests.swift */,
			);
			path = FlixUITests;
			sourceTree = "<group>";
		};
/* End PBXGroup section */

/* Begin PBXNativeTarget section */
		77149EE6279F2CBB0097786C /* Flix */ = {
			isa = PBXNativeTarget;
			buildConfigurationList = 77149F11279F2CBD0097786C /* Build configuration list for PBXNativeTarget "Flix" */;
			buildPhases = (
				77149EE3279F2CBB0097786C /* Sources */,
				77149EE4279F2CBB0097786C /* Frameworks */,
				77149EE5279F2CBB0097786C /* Resources */,
			);
			buildRules = (
			);
			dependencies = (
			);
			name = Flix;
			packageProductDependencies = (
				771D548D27A85FD90028E416 /* AlamofireImage */,
			);
			productName = Flix;
			productReference = 77149EE7279F2CBB0097786C /* Flix.app */;
			productType = "com.apple.product-type.application";
		};
		77149EFC279F2CBD0097786C /* FlixTests */ = {
			isa = PBXNativeTarget;
			buildConfigurationList = 77149F14279F2CBD0097786C /* Build configuration list for PBXNativeTarget "FlixTests" */;
			buildPhases = (
				77149EF9279F2CBD0097786C /* Sources */,
				77149EFA279F2CBD0097786C /* Frameworks */,
				77149EFB279F2CBD0097786C /* Resources */,
			);
			buildRules = (
			);
			dependencies = (
				77149EFF279F2CBD0097786C /* PBXTargetDependency */,
			);
			name = FlixTests;
			productName = FlixTests;
			productReference = 77149EFD279F2CBD0097786C /* FlixTests.xctest */;
			productType = "com.apple.product-type.bundle.unit-test";
		};
		77149F06279F2CBD0097786C /* FlixUITests */ = {
			isa = PBXNativeTarget;
			buildConfigurationList = 77149F17279F2CBD0097786C /* Build configuration list for PBXNativeTarget "FlixUITests" */;
			buildPhases = (
				77149F03279F2CBD0097786C /* Sources */,
				77149F04279F2CBD0097786C /* Frameworks */,
				77149F05279F2CBD0097786C /* Resources */,
			);
			buildRules = (
			);
			dependencies = (
				77149F09279F2CBD0097786C /* PBXTargetDependency */,
			);
			name = FlixUITests;
			productName = FlixUITests;
			productReference = 77149F07279F2CBD0097786C /* FlixUITests.xctest */;
			productType = "com.apple.product-type.bundle.ui-testing";
		};
/* End PBXNativeTarget section */

/* Begin PBXProject section */
		77149EDF279F2CBB0097786C /* Project object */ = {
			isa = PBXProject;
			attributes = {
				BuildIndependentTargetsInParallel = 1;
				LastSwiftUpdateCheck = 1320;
				LastUpgradeCheck = 1320;
				TargetAttributes = {
					77149EE6279F2CBB0097786C = {
						CreatedOnToolsVersion = 13.2.1;
					};
					77149EFC279F2CBD0097786C = {
						CreatedOnToolsVersion = 13.2.1;
						TestTargetID = 77149EE6279F2CBB0097786C;
					};
					77149F06279F2CBD0097786C = {
						CreatedOnToolsVersion = 13.2.1;
						TestTargetID = 77149EE6279F2CBB0097786C;
					};
				};
			};
			buildConfigurationList = 77149EE2279F2CBB0097786C /* Build configuration list for PBXProject "Flix" */;
			compatibilityVersion = "Xcode 13.0";
			developmentRegion = en;
			hasScannedForEncodings = 0;
			knownRegions = (
				en,
				Base,
			);
			mainGroup = 77149EDE279F2CBB0097786C;
			packageReferences = (
				771D548C27A85FD80028E416 /* XCRemoteSwiftPackageReference "AlamofireImage" */,
			);
			productRefGroup = 77149EE8279F2CBB0097786C /* Products */;
			projectDirPath = "";
			projectRoot = "";
			targets = (
				77149EE6279F2CBB0097786C /* Flix */,
				77149EFC279F2CBD0097786C /* FlixTests */,
				77149F06279F2CBD0097786C /* FlixUITests */,
			);
		};
/* End PBXProject section */

/* Begin PBXResourcesBuildPhase section */
		77149EE5279F2CBB0097786C /* Resources */ = {
			isa = PBXResourcesBuildPhase;
			buildActionMask = 2147483647;
			files = (
				77149EF7279F2CBC0097786C /* LaunchScreen.storyboard in Resources */,
				77149EF4279F2CBC0097786C /* Assets.xcassets in Resources */,
				77149EF2279F2CBB0097786C /* Main.storyboard in Resources */,
			);
			runOnlyForDeploymentPostprocessing = 0;
		};
		77149EFB279F2CBD0097786C /* Resources */ = {
			isa = PBXResourcesBuildPhase;
			buildActionMask = 2147483647;
			files = (
			);
			runOnlyForDeploymentPostprocessing = 0;
		};
		77149F05279F2CBD0097786C /* Resources */ = {
			isa = PBXResourcesBuildPhase;
			buildActionMask = 2147483647;
			files = (
			);
			runOnlyForDeploymentPostprocessing = 0;
		};
/* End PBXResourcesBuildPhase section */

/* Begin PBXSourcesBuildPhase section */
		77149EE3279F2CBB0097786C /* Sources */ = {
			isa = PBXSourcesBuildPhase;
			buildActionMask = 2147483647;
			files = (
				7708743B27B189140060BBAC /* MovieDetailsViewController.swift in Sources */,
				77149EEF279F2CBB0097786C /* ViewController.swift in Sources */,
				77149EEB279F2CBB0097786C /* AppDelegate.swift in Sources */,
				771D548B27A84FF40028E416 /* MovieCell.swift in Sources */,
				77149EED279F2CBB0097786C /* SceneDelegate.swift in Sources */,
				7708743D27B19EC50060BBAC /* MovieGridViewController.swift in Sources */,
				7708743F27B1AC960060BBAC /* MovieGridCell.swift in Sources */,
			);
			runOnlyForDeploymentPostprocessing = 0;
		};
		77149EF9279F2CBD0097786C /* Sources */ = {
			isa = PBXSourcesBuildPhase;
			buildActionMask = 2147483647;
			files = (
				77149F02279F2CBD0097786C /* FlixTests.swift in Sources */,
			);
			runOnlyForDeploymentPostprocessing = 0;
		};
		77149F03279F2CBD0097786C /* Sources */ = {
			isa = PBXSourcesBuildPhase;
			buildActionMask = 2147483647;
			files = (
				77149F0C279F2CBD0097786C /* FlixUITests.swift in Sources */,
				77149F0E279F2CBD0097786C /* FlixUITestsLaunchTests.swift in Sources */,
			);
			runOnlyForDeploymentPostprocessing = 0;
		};
/* End PBXSourcesBuildPhase section */

/* Begin PBXTargetDependency section */
		77149EFF279F2CBD0097786C /* PBXTargetDependency */ = {
			isa = PBXTargetDependency;
			target = 77149EE6279F2CBB0097786C /* Flix */;
			targetProxy = 77149EFE279F2CBD0097786C /* PBXContainerItemProxy */;
		};
		77149F09279F2CBD0097786C /* PBXTargetDependency */ = {
			isa = PBXTargetDependency;
			target = 77149EE6279F2CBB0097786C /* Flix */;
			targetProxy = 77149F08279F2CBD0097786C /* PBXContainerItemProxy */;
		};
/* End PBXTargetDependency section */

/* Begin PBXVariantGroup section */
		77149EF0279F2CBB0097786C /* Main.storyboard */ = {
			isa = PBXVariantGroup;
			children = (
				77149EF1279F2CBB0097786C /* Base */,
			);
			name = Main.storyboard;
			sourceTree = "<group>";
		};
		77149EF5279F2CBC0097786C /* LaunchScreen.storyboard */ = {
			isa = PBXVariantGroup;
			children = (
				77149EF6279F2CBC0097786C /* Base */,
			);
			name = LaunchScreen.storyboard;
			sourceTree = "<group>";
		};
/* End PBXVariantGroup section */

/* Begin XCBuildConfiguration section */
		77149F0F279F2CBD0097786C /* Debug */ = {
			isa = XCBuildConfiguration;
			buildSettings = {
				ALWAYS_SEARCH_USER_PATHS = NO;
				CLANG_ANALYZER_NONNULL = YES;
				CLANG_ANALYZER_NUMBER_OBJECT_CONVERSION = YES_AGGRESSIVE;
				CLANG_CXX_LANGUAGE_STANDARD = "gnu++17";
				CLANG_CXX_LIBRARY = "libc++";
				CLANG_ENABLE_MODULES = YES;
				CLANG_ENABLE_OBJC_ARC = YES;
				CLANG_ENABLE_OBJC_WEAK = YES;
				CLANG_WARN_BLOCK_CAPTURE_AUTORELEASING = YES;
				CLANG_WARN_BOOL_CONVERSION = YES;
				CLANG_WARN_COMMA = YES;
				CLANG_WARN_CONSTANT_CONVERSION = YES;
				CLANG_WARN_DEPRECATED_OBJC_IMPLEMENTATIONS = YES;
				CLANG_WARN_DIRECT_OBJC_ISA_USAGE = YES_ERROR;
				CLANG_WARN_DOCUMENTATION_COMMENTS = YES;
				CLANG_WARN_EMPTY_BODY = YES;
				CLANG_WARN_ENUM_CONVERSION = YES;
				CLANG_WARN_INFINITE_RECURSION = YES;
				CLANG_WARN_INT_CONVERSION = YES;
				CLANG_WARN_NON_LITERAL_NULL_CONVERSION = YES;
				CLANG_WARN_OBJC_IMPLICIT_RETAIN_SELF = YES;
				CLANG_WARN_OBJC_LITERAL_CONVERSION = YES;
				CLANG_WARN_OBJC_ROOT_CLASS = YES_ERROR;
				CLANG_WARN_QUOTED_INCLUDE_IN_FRAMEWORK_HEADER = YES;
				CLANG_WARN_RANGE_LOOP_ANALYSIS = YES;
				CLANG_WARN_STRICT_PROTOTYPES = YES;
				CLANG_WARN_SUSPICIOUS_MOVE = YES;
				CLANG_WARN_UNGUARDED_AVAILABILITY = YES_AGGRESSIVE;
				CLANG_WARN_UNREACHABLE_CODE = YES;
				CLANG_WARN__DUPLICATE_METHOD_MATCH = YES;
				COPY_PHASE_STRIP = NO;
				DEBUG_INFORMATION_FORMAT = dwarf;
				ENABLE_STRICT_OBJC_MSGSEND = YES;
				ENABLE_TESTABILITY = YES;
				GCC_C_LANGUAGE_STANDARD = gnu11;
				GCC_DYNAMIC_NO_PIC = NO;
				GCC_NO_COMMON_BLOCKS = YES;
				GCC_OPTIMIZATION_LEVEL = 0;
				GCC_PREPROCESSOR_DEFINITIONS = (
					"DEBUG=1",
					"$(inherited)",
				);
				GCC_WARN_64_TO_32_BIT_CONVERSION = YES;
				GCC_WARN_ABOUT_RETURN_TYPE = YES_ERROR;
				GCC_WARN_UNDECLARED_SELECTOR = YES;
				GCC_WARN_UNINITIALIZED_AUTOS = YES_AGGRESSIVE;
				GCC_WARN_UNUSED_FUNCTION = YES;
				GCC_WARN_UNUSED_VARIABLE = YES;
				IPHONEOS_DEPLOYMENT_TARGET = 15.2;
				MTL_ENABLE_DEBUG_INFO = INCLUDE_SOURCE;
				MTL_FAST_MATH = YES;
				ONLY_ACTIVE_ARCH = YES;
				SDKROOT = iphoneos;
				SWIFT_ACTIVE_COMPILATION_CONDITIONS = DEBUG;
				SWIFT_OPTIMIZATION_LEVEL = "-Onone";
			};
			name = Debug;
		};
		77149F10279F2CBD0097786C /* Release */ = {
			isa = XCBuildConfiguration;
			buildSettings = {
				ALWAYS_SEARCH_USER_PATHS = NO;
				CLANG_ANALYZER_NONNULL = YES;
				CLANG_ANALYZER_NUMBER_OBJECT_CONVERSION = YES_AGGRESSIVE;
				CLANG_CXX_LANGUAGE_STANDARD = "gnu++17";
				CLANG_CXX_LIBRARY = "libc++";
				CLANG_ENABLE_MODULES = YES;
				CLANG_ENABLE_OBJC_ARC = YES;
				CLANG_ENABLE_OBJC_WEAK = YES;
				CLANG_WARN_BLOCK_CAPTURE_AUTORELEASING = YES;
				CLANG_WARN_BOOL_CONVERSION = YES;
				CLANG_WARN_COMMA = YES;
				CLANG_WARN_CONSTANT_CONVERSION = YES;
				CLANG_WARN_DEPRECATED_OBJC_IMPLEMENTATIONS = YES;
				CLANG_WARN_DIRECT_OBJC_ISA_USAGE = YES_ERROR;
				CLANG_WARN_DOCUMENTATION_COMMENTS = YES;
				CLANG_WARN_EMPTY_BODY = YES;
				CLANG_WARN_ENUM_CONVERSION = YES;
				CLANG_WARN_INFINITE_RECURSION = YES;
				CLANG_WARN_INT_CONVERSION = YES;
				CLANG_WARN_NON_LITERAL_NULL_CONVERSION = YES;
				CLANG_WARN_OBJC_IMPLICIT_RETAIN_SELF = YES;
				CLANG_WARN_OBJC_LITERAL_CONVERSION = YES;
				CLANG_WARN_OBJC_ROOT_CLASS = YES_ERROR;
				CLANG_WARN_QUOTED_INCLUDE_IN_FRAMEWORK_HEADER = YES;
				CLANG_WARN_RANGE_LOOP_ANALYSIS = YES;
				CLANG_WARN_STRICT_PROTOTYPES = YES;
				CLANG_WARN_SUSPICIOUS_MOVE = YES;
				CLANG_WARN_UNGUARDED_AVAILABILITY = YES_AGGRESSIVE;
				CLANG_WARN_UNREACHABLE_CODE = YES;
				CLANG_WARN__DUPLICATE_METHOD_MATCH = YES;
				COPY_PHASE_STRIP = NO;
				DEBUG_INFORMATION_FORMAT = "dwarf-with-dsym";
				ENABLE_NS_ASSERTIONS = NO;
				ENABLE_STRICT_OBJC_MSGSEND = YES;
				GCC_C_LANGUAGE_STANDARD = gnu11;
				GCC_NO_COMMON_BLOCKS = YES;
				GCC_WARN_64_TO_32_BIT_CONVERSION = YES;
				GCC_WARN_ABOUT_RETURN_TYPE = YES_ERROR;
				GCC_WARN_UNDECLARED_SELECTOR = YES;
				GCC_WARN_UNINITIALIZED_AUTOS = YES_AGGRESSIVE;
				GCC_WARN_UNUSED_FUNCTION = YES;
				GCC_WARN_UNUSED_VARIABLE = YES;
				IPHONEOS_DEPLOYMENT_TARGET = 15.2;
				MTL_ENABLE_DEBUG_INFO = NO;
				MTL_FAST_MATH = YES;
				SDKROOT = iphoneos;
				SWIFT_COMPILATION_MODE = wholemodule;
				SWIFT_OPTIMIZATION_LEVEL = "-O";
				VALIDATE_PRODUCT = YES;
			};
			name = Release;
		};
		77149F12279F2CBD0097786C /* Debug */ = {
			isa = XCBuildConfiguration;
			buildSettings = {
				ASSETCATALOG_COMPILER_APPICON_NAME = AppIcon;
				ASSETCATALOG_COMPILER_GLOBAL_ACCENT_COLOR_NAME = AccentColor;
				CODE_SIGN_STYLE = Automatic;
				CURRENT_PROJECT_VERSION = 1;
				DEVELOPMENT_TEAM = 276BW9PM4G;
				GENERATE_INFOPLIST_FILE = YES;
				INFOPLIST_FILE = Flix/Info.plist;
				INFOPLIST_KEY_UIApplicationSupportsIndirectInputEvents = YES;
				INFOPLIST_KEY_UILaunchStoryboardName = LaunchScreen;
				INFOPLIST_KEY_UIMainStoryboardFile = Main;
				INFOPLIST_KEY_UISupportedInterfaceOrientations_iPad = "UIInterfaceOrientationPortrait UIInterfaceOrientationPortraitUpsideDown UIInterfaceOrientationLandscapeLeft UIInterfaceOrientationLandscapeRight";
				INFOPLIST_KEY_UISupportedInterfaceOrientations_iPhone = "UIInterfaceOrientationPortrait UIInterfaceOrientationLandscapeLeft UIInterfaceOrientationLandscapeRight";
				LD_RUNPATH_SEARCH_PATHS = (
					"$(inherited)",
					"@executable_path/Frameworks",
				);
				MARKETING_VERSION = 1.0;
				PRODUCT_BUNDLE_IDENTIFIER = com.dpayne.Flix;
				PRODUCT_NAME = "$(TARGET_NAME)";
				SWIFT_EMIT_LOC_STRINGS = YES;
				SWIFT_VERSION = 5.0;
				TARGETED_DEVICE_FAMILY = "1,2";
			};
			name = Debug;
		};
		77149F13279F2CBD0097786C /* Release */ = {
			isa = XCBuildConfiguration;
			buildSettings = {
				ASSETCATALOG_COMPILER_APPICON_NAME = AppIcon;
				ASSETCATALOG_COMPILER_GLOBAL_ACCENT_COLOR_NAME = AccentColor;
				CODE_SIGN_STYLE = Automatic;
				CURRENT_PROJECT_VERSION = 1;
				DEVELOPMENT_TEAM = 276BW9PM4G;
				GENERATE_INFOPLIST_FILE = YES;
				INFOPLIST_FILE = Flix/Info.plist;
				INFOPLIST_KEY_UIApplicationSupportsIndirectInputEvents = YES;
				INFOPLIST_KEY_UILaunchStoryboardName = LaunchScreen;
				INFOPLIST_KEY_UIMainStoryboardFile = Main;
				INFOPLIST_KEY_UISupportedInterfaceOrientations_iPad = "UIInterfaceOrientationPortrait UIInterfaceOrientationPortraitUpsideDown UIInterfaceOrientationLandscapeLeft UIInterfaceOrientationLandscapeRight";
				INFOPLIST_KEY_UISupportedInterfaceOrientations_iPhone = "UIInterfaceOrientationPortrait UIInterfaceOrientationLandscapeLeft UIInterfaceOrientationLandscapeRight";
				LD_RUNPATH_SEARCH_PATHS = (
					"$(inherited)",
					"@executable_path/Frameworks",
				);
				MARKETING_VERSION = 1.0;
				PRODUCT_BUNDLE_IDENTIFIER = com.dpayne.Flix;
				PRODUCT_NAME = "$(TARGET_NAME)";
				SWIFT_EMIT_LOC_STRINGS = YES;
				SWIFT_VERSION = 5.0;
				TARGETED_DEVICE_FAMILY = "1,2";
			};
			name = Release;
		};
		77149F15279F2CBD0097786C /* Debug */ = {
			isa = XCBuildConfiguration;
			buildSettings = {
				ALWAYS_EMBED_SWIFT_STANDARD_LIBRARIES = YES;
				BUNDLE_LOADER = "$(TEST_HOST)";
				CODE_SIGN_STYLE = Automatic;
				CURRENT_PROJECT_VERSION = 1;
				DEVELOPMENT_TEAM = 276BW9PM4G;
				GENERATE_INFOPLIST_FILE = YES;
				IPHONEOS_DEPLOYMENT_TARGET = 15.2;
				MARKETING_VERSION = 1.0;
				PRODUCT_BUNDLE_IDENTIFIER = com.dpayne.FlixTests;
				PRODUCT_NAME = "$(TARGET_NAME)";
				SWIFT_EMIT_LOC_STRINGS = NO;
				SWIFT_VERSION = 5.0;
				TARGETED_DEVICE_FAMILY = "1,2";
				TEST_HOST = "$(BUILT_PRODUCTS_DIR)/Flix.app/Flix";
			};
			name = Debug;
		};
		77149F16279F2CBD0097786C /* Release */ = {
			isa = XCBuildConfiguration;
			buildSettings = {
				ALWAYS_EMBED_SWIFT_STANDARD_LIBRARIES = YES;
				BUNDLE_LOADER = "$(TEST_HOST)";
				CODE_SIGN_STYLE = Automatic;
				CURRENT_PROJECT_VERSION = 1;
				DEVELOPMENT_TEAM = 276BW9PM4G;
				GENERATE_INFOPLIST_FILE = YES;
				IPHONEOS_DEPLOYMENT_TARGET = 15.2;
				MARKETING_VERSION = 1.0;
				PRODUCT_BUNDLE_IDENTIFIER = com.dpayne.FlixTests;
				PRODUCT_NAME = "$(TARGET_NAME)";
				SWIFT_EMIT_LOC_STRINGS = NO;
				SWIFT_VERSION = 5.0;
				TARGETED_DEVICE_FAMILY = "1,2";
				TEST_HOST = "$(BUILT_PRODUCTS_DIR)/Flix.app/Flix";
			};
			name = Release;
		};
		77149F18279F2CBD0097786C /* Debug */ = {
			isa = XCBuildConfiguration;
			buildSettings = {
				ALWAYS_EMBED_SWIFT_STANDARD_LIBRARIES = YES;
				CODE_SIGN_STYLE = Automatic;
				CURRENT_PROJECT_VERSION = 1;
				DEVELOPMENT_TEAM = 276BW9PM4G;
				GENERATE_INFOPLIST_FILE = YES;
				MARKETING_VERSION = 1.0;
				PRODUCT_BUNDLE_IDENTIFIER = com.dpayne.FlixUITests;
				PRODUCT_NAME = "$(TARGET_NAME)";
				SWIFT_EMIT_LOC_STRINGS = NO;
				SWIFT_VERSION = 5.0;
				TARGETED_DEVICE_FAMILY = "1,2";
				TEST_TARGET_NAME = Flix;
			};
			name = Debug;
		};
		77149F19279F2CBD0097786C /* Release */ = {
			isa = XCBuildConfiguration;
			buildSettings = {
				ALWAYS_EMBED_SWIFT_STANDARD_LIBRARIES = YES;
				CODE_SIGN_STYLE = Automatic;
				CURRENT_PROJECT_VERSION = 1;
				DEVELOPMENT_TEAM = 276BW9PM4G;
				GENERATE_INFOPLIST_FILE = YES;
				MARKETING_VERSION = 1.0;
				PRODUCT_BUNDLE_IDENTIFIER = com.dpayne.FlixUITests;
				PRODUCT_NAME = "$(TARGET_NAME)";
				SWIFT_EMIT_LOC_STRINGS = NO;
				SWIFT_VERSION = 5.0;
				TARGETED_DEVICE_FAMILY = "1,2";
				TEST_TARGET_NAME = Flix;
			};
			name = Release;
		};
/* End XCBuildConfiguration section */

/* Begin XCConfigurationList section */
		77149EE2279F2CBB0097786C /* Build configuration list for PBXProject "Flix" */ = {
			isa = XCConfigurationList;
			buildConfigurations = (
				77149F0F279F2CBD0097786C /* Debug */,
				77149F10279F2CBD0097786C /* Release */,
			);
			defaultConfigurationIsVisible = 0;
			defaultConfigurationName = Release;
		};
		77149F11279F2CBD0097786C /* Build configuration list for PBXNativeTarget "Flix" */ = {
			isa = XCConfigurationList;
			buildConfigurations = (
				77149F12279F2CBD0097786C /* Debug */,
				77149F13279F2CBD0097786C /* Release */,
			);
			defaultConfigurationIsVisible = 0;
			defaultConfigurationName = Release;
		};
		77149F14279F2CBD0097786C /* Build configuration list for PBXNativeTarget "FlixTests" */ = {
			isa = XCConfigurationList;
			buildConfigurations = (
				77149F15279F2CBD0097786C /* Debug */,
				77149F16279F2CBD0097786C /* Release */,
			);
			defaultConfigurationIsVisible = 0;
			defaultConfigurationName = Release;
		};
		77149F17279F2CBD0097786C /* Build configuration list for PBXNativeTarget "FlixUITests" */ = {
			isa = XCConfigurationList;
			buildConfigurations = (
				77149F18279F2CBD0097786C /* Debug */,
				77149F19279F2CBD0097786C /* Release */,
			);
			defaultConfigurationIsVisible = 0;
			defaultConfigurationName = Release;
		};
/* End XCConfigurationList section */

/* Begin XCRemoteSwiftPackageReference section */
		771D548C27A85FD80028E416 /* XCRemoteSwiftPackageReference "AlamofireImage" */ = {
			isa = XCRemoteSwiftPackageReference;
			repositoryURL = "https://github.com/Alamofire/AlamofireImage";
			requirement = {
				kind = upToNextMajorVersion;
				minimumVersion = 4.0.0;
			};
		};
/* End XCRemoteSwiftPackageReference section */

/* Begin XCSwiftPackageProductDependency section */
		771D548D27A85FD90028E416 /* AlamofireImage */ = {
			isa = XCSwiftPackageProductDependency;
			package = 771D548C27A85FD80028E416 /* XCRemoteSwiftPackageReference "AlamofireImage" */;
			productName = AlamofireImage;
		};
/* End XCSwiftPackageProductDependency section */
	};
	rootObject = 77149EDF279F2CBB0097786C /* Project object */;
}
